{
  "name": "middle",
  "lockfileVersion": 2,
  "requires": true,
  "packages": {
    "": {
      "dependencies": {
        "itty-cors": "^0.3.6",
        "itty-router-extras": "^0.4.5"
      }
    },
    "node_modules/itty-cors": {
      "version": "0.3.6",
      "resolved": "https://registry.npmjs.org/itty-cors/-/itty-cors-0.3.6.tgz",
      "integrity": "sha512-VlDDB9CLneCyjqtg8kShl6oBZrJxxwKd8sXWrYC77H6BcW9sDMRDwx7JgCB2T+18pQv/Tau3OIlchEKrEHKKKQ=="
    },
    "node_modules/itty-router-extras": {
      "version": "0.4.5",
      "resolved": "https://registry.npmjs.org/itty-router-extras/-/itty-router-extras-0.4.5.tgz",
      "integrity": "sha512-flxFhFZgPqiscrHTV3mBbRBk8plgOGdg5tZMyv7hE629PO+XEfXh2uHs78ndH6axRG50fIHfjrrqAlb3Pguemw=="
    }
  },
  "dependencies": {
    "itty-cors": {
      "version": "0.3.6",
      "resolved": "https://registry.npmjs.org/itty-cors/-/itty-cors-0.3.6.tgz",
      "integrity": "sha512-VlDDB9CLneCyjqtg8kShl6oBZrJxxwKd8sXWrYC77H6BcW9sDMRDwx7JgCB2T+18pQv/Tau3OIlchEKrEHKKKQ=="
    },
    "itty-router-extras": {
      "version": "0.4.5",
      "resolved": "https://registry.npmjs.org/itty-router-extras/-/itty-router-extras-0.4.5.tgz",
      "integrity": "sha512-flxFhFZgPqiscrHTV3mBbRBk8plgOGdg5tZMyv7hE629PO+XEfXh2uHs78ndH6axRG50fIHfjrrqAlb3Pguemw=="
    }
  }
}
